
Microsoft Visual Studio Solution File, Format Version 12.00
# Visual Studio Version 16
VisualStudioVersion = 16.0.31911.196
MinimumVisualStudioVersion = 10.0.40219.1
Project("{8BC9CEB8-8B4A-11D0-8D11-00A0C91BC942}") = "AES", "AES\AES.vcxproj", "{F3FD46B3-0A09-414C-BF09-334EDA39797E}"
EndProject
Global
	GlobalSection(SolutionConfigurationPlatforms) = preSolution
		Debug|x64 = Debug|x64
		Debug|x86 = Debug|x86
		Release|x64 = Release|x64
		Release|x86 = Release|x86
	EndGlobalSection
	GlobalSection(ProjectConfigurationPlatforms) = postSolution
		{F3FD46B3-0A09-414C-BF09-334EDA39797E}.Debug|x64.ActiveCfg = Debug|x64
		{F3FD46B3-0A09-414C-BF09-334EDA39797E}.Debug|x64.Build.0 = Debug|x64
		{F3FD46B3-0A09-414C-BF09-334EDA39797E}.Debug|x86.ActiveCfg = Debug|Win32
		{F3FD46B3-0A09-414C-BF09-334EDA39797E}.Debug|x86.Build.0 = Debug|Win32
		{F3FD46B3-0A09-414C-BF09-334EDA39797E}.Release|x64.ActiveCfg = Release|x64
		{F3FD46B3-0A09-414C-BF09-334EDA39797E}.Release|x64.Build.0 = Release|x64
		{F3FD46B3-0A09-414C-BF09-334EDA39797E}.Release|x86.ActiveCfg = Release|Win32
		{F3FD46B3-0A09-414C-BF09-334EDA39797E}.Release|x86.Build.0 = Release|Win32
	EndGlobalSection
	GlobalSection(SolutionProperties) = preSolution
		HideSolutionNode = FALSE
	EndGlobalSection
	GlobalSection(ExtensibilityGlobals) = postSolution
		SolutionGuid = {A2003399-88F9-43C8-9543-8D680136890C}
	EndGlobalSection
EndGlobal
